
Microsoft Visual Studio Solution File, Format Version 12.00
# Visual Studio Version 16
VisualStudioVersion = 16.0.31205.134
MinimumVisualStudioVersion = 10.0.40219.1
Project("{FAE04EC0-301F-11D3-BF4B-00C04F79EFBC}") = "ClassTestApp", "ClassTestApp\ClassTestApp.csproj", "{C8118042-3586-4F3F-8D89-E7A6B4CD7FAD}"
EndProject
Project("{FAE04EC0-301F-11D3-BF4B-00C04F79EFBC}") = "SelfStudy", "SelfStudy\SelfStudy.csproj", "{A9616D8F-FA2D-45D0-9CE9-0CED5E28C12A}"
EndProject
Global
	GlobalSection(SolutionConfigurationPlatforms) = preSolution
		Debug|Any CPU = Debug|Any CPU
		Release|Any CPU = Release|Any CPU
	EndGlobalSection
	GlobalSection(ProjectConfigurationPlatforms) = postSolution
		{C8118042-3586-4F3F-8D89-E7A6B4CD7FAD}.Debug|Any CPU.ActiveCfg = Debug|Any CPU
		{C8118042-3586-4F3F-8D89-E7A6B4CD7FAD}.Debug|Any CPU.Build.0 = Debug|Any CPU
		{C8118042-3586-4F3F-8D89-E7A6B4CD7FAD}.Release|Any CPU.ActiveCfg = Release|Any CPU
		{C8118042-3586-4F3F-8D89-E7A6B4CD7FAD}.Release|Any CPU.Build.0 = Release|Any CPU
		{A9616D8F-FA2D-45D0-9CE9-0CED5E28C12A}.Debug|Any CPU.ActiveCfg = Debug|Any CPU
		{A9616D8F-FA2D-45D0-9CE9-0CED5E28C12A}.Debug|Any CPU.Build.0 = Debug|Any CPU
		{A9616D8F-FA2D-45D0-9CE9-0CED5E28C12A}.Release|Any CPU.ActiveCfg = Release|Any CPU
		{A9616D8F-FA2D-45D0-9CE9-0CED5E28C12A}.Release|Any CPU.Build.0 = Release|Any CPU
	EndGlobalSection
	GlobalSection(SolutionProperties) = preSolution
		HideSolutionNode = FALSE
	EndGlobalSection
	GlobalSection(ExtensibilityGlobals) = postSolution
		SolutionGuid = {A7CC19DD-43B5-4AC1-93AB-96F1922B57DF}
	EndGlobalSection
EndGlobal
