
Microsoft Visual Studio Solution File, Format Version 12.00
# Visual Studio Version 16
VisualStudioVersion = 16.0.31205.134
MinimumVisualStudioVersion = 10.0.40219.1
Project("{9A19103F-16F7-4668-BE54-9A1E7A4F7556}") = "ClassTestApp", "ClassTestApp\ClassTestApp.csproj", "{C8118042-3586-4F3F-8D89-E7A6B4CD7FAD}"
EndProject
Project("{9A19103F-16F7-4668-BE54-9A1E7A4F7556}") = "SelfStudy", "SelfStudy\SelfStudy.csproj", "{A9616D8F-FA2D-45D0-9CE9-0CED5E28C12A}"
EndProject
Project("{9A19103F-16F7-4668-BE54-9A1E7A4F7556}") = "InterfaceTestApp", "InterfaceTestApp\InterfaceTestApp.csproj", "{AEC97954-C25A-441F-8600-911FDC075C36}"
EndProject
Project("{9A19103F-16F7-4668-BE54-9A1E7A4F7556}") = "UsingInterfaceTestApp", "UsingInterfaceTestApp\UsingInterfaceTestApp.csproj", "{2EF2DB29-69BA-493C-BBE2-6D95306537B1}"
EndProject
Project("{FAE04EC0-301F-11D3-BF4B-00C04F79EFBC}") = "ApplicationClassTestApp", "ApplicationClassTestApp\ApplicationClassTestApp.csproj", "{56276643-3459-4EE5-9B38-DEE6DE18FFB1}"
EndProject
Global
	GlobalSection(SolutionConfigurationPlatforms) = preSolution
		Debug|Any CPU = Debug|Any CPU
		Release|Any CPU = Release|Any CPU
	EndGlobalSection
	GlobalSection(ProjectConfigurationPlatforms) = postSolution
		{C8118042-3586-4F3F-8D89-E7A6B4CD7FAD}.Debug|Any CPU.ActiveCfg = Debug|Any CPU
		{C8118042-3586-4F3F-8D89-E7A6B4CD7FAD}.Debug|Any CPU.Build.0 = Debug|Any CPU
		{C8118042-3586-4F3F-8D89-E7A6B4CD7FAD}.Release|Any CPU.ActiveCfg = Release|Any CPU
		{C8118042-3586-4F3F-8D89-E7A6B4CD7FAD}.Release|Any CPU.Build.0 = Release|Any CPU
		{A9616D8F-FA2D-45D0-9CE9-0CED5E28C12A}.Debug|Any CPU.ActiveCfg = Debug|Any CPU
		{A9616D8F-FA2D-45D0-9CE9-0CED5E28C12A}.Debug|Any CPU.Build.0 = Debug|Any CPU
		{A9616D8F-FA2D-45D0-9CE9-0CED5E28C12A}.Release|Any CPU.ActiveCfg = Release|Any CPU
		{A9616D8F-FA2D-45D0-9CE9-0CED5E28C12A}.Release|Any CPU.Build.0 = Release|Any CPU
		{AEC97954-C25A-441F-8600-911FDC075C36}.Debug|Any CPU.ActiveCfg = Debug|Any CPU
		{AEC97954-C25A-441F-8600-911FDC075C36}.Debug|Any CPU.Build.0 = Debug|Any CPU
		{AEC97954-C25A-441F-8600-911FDC075C36}.Release|Any CPU.ActiveCfg = Release|Any CPU
		{AEC97954-C25A-441F-8600-911FDC075C36}.Release|Any CPU.Build.0 = Release|Any CPU
		{2EF2DB29-69BA-493C-BBE2-6D95306537B1}.Debug|Any CPU.ActiveCfg = Debug|Any CPU
		{2EF2DB29-69BA-493C-BBE2-6D95306537B1}.Debug|Any CPU.Build.0 = Debug|Any CPU
		{2EF2DB29-69BA-493C-BBE2-6D95306537B1}.Release|Any CPU.ActiveCfg = Release|Any CPU
		{2EF2DB29-69BA-493C-BBE2-6D95306537B1}.Release|Any CPU.Build.0 = Release|Any CPU
		{56276643-3459-4EE5-9B38-DEE6DE18FFB1}.Debug|Any CPU.ActiveCfg = Debug|Any CPU
		{56276643-3459-4EE5-9B38-DEE6DE18FFB1}.Debug|Any CPU.Build.0 = Debug|Any CPU
		{56276643-3459-4EE5-9B38-DEE6DE18FFB1}.Release|Any CPU.ActiveCfg = Release|Any CPU
		{56276643-3459-4EE5-9B38-DEE6DE18FFB1}.Release|Any CPU.Build.0 = Release|Any CPU
	EndGlobalSection
	GlobalSection(SolutionProperties) = preSolution
		HideSolutionNode = FALSE
	EndGlobalSection
	GlobalSection(ExtensibilityGlobals) = postSolution
		SolutionGuid = {A7CC19DD-43B5-4AC1-93AB-96F1922B57DF}
	EndGlobalSection
EndGlobal
