
Microsoft Visual Studio Solution File, Format Version 12.00
# Visual Studio Version 16
VisualStudioVersion = 16.0.31205.134
MinimumVisualStudioVersion = 10.0.40219.1
Project("{9A19103F-16F7-4668-BE54-9A1E7A4F7556}") = "ClassTestApp", "ClassTestApp\ClassTestApp.csproj", "{C8118042-3586-4F3F-8D89-E7A6B4CD7FAD}"
EndProject
Project("{9A19103F-16F7-4668-BE54-9A1E7A4F7556}") = "SelfStudyApp", "SelfStudy\SelfStudyApp.csproj", "{A9616D8F-FA2D-45D0-9CE9-0CED5E28C12A}"
EndProject
Project("{9A19103F-16F7-4668-BE54-9A1E7A4F7556}") = "InterfaceTestApp", "InterfaceTestApp\InterfaceTestApp.csproj", "{AEC97954-C25A-441F-8600-911FDC075C36}"
EndProject
Project("{9A19103F-16F7-4668-BE54-9A1E7A4F7556}") = "UsingInterfaceTestApp", "UsingInterfaceTestApp\UsingInterfaceTestApp.csproj", "{2EF2DB29-69BA-493C-BBE2-6D95306537B1}"
EndProject
Project("{9A19103F-16F7-4668-BE54-9A1E7A4F7556}") = "ApplicationClassTestApp", "ApplicationClassTestApp\ApplicationClassTestApp.csproj", "{56276643-3459-4EE5-9B38-DEE6DE18FFB1}"
EndProject
Project("{9A19103F-16F7-4668-BE54-9A1E7A4F7556}") = "PropertyTestApp", "PropertyTestApp\PropertyTestApp.csproj", "{73D37022-4F81-47B8-A3AB-5EAE1F113702}"
EndProject
Project("{9A19103F-16F7-4668-BE54-9A1E7A4F7556}") = "ArrayTestApp", "ArrayTestApp\ArrayTestApp.csproj", "{4FC14E91-B0BB-4571-8F12-EBC536F463CE}"
EndProject
Project("{9A19103F-16F7-4668-BE54-9A1E7A4F7556}") = "ArrayClassTestApp", "ArrayClassTestApp\ArrayClassTestApp.csproj", "{08210F2D-D68E-4B5A-BA08-ACD11406A10F}"
EndProject
Project("{9A19103F-16F7-4668-BE54-9A1E7A4F7556}") = "CollectionTestApp", "CollectionTestApp\CollectionTestApp.csproj", "{C533C5B4-9C7B-4C55-A8B8-C8FE29408F31}"
EndProject
Project("{9A19103F-16F7-4668-BE54-9A1E7A4F7556}") = "QueueTestApp", "QueueTestApp\QueueTestApp.csproj", "{DCE6B5CB-1A4E-4A07-A3D1-E1CB4A26C95C}"
EndProject
Project("{9A19103F-16F7-4668-BE54-9A1E7A4F7556}") = "IndexerTestApp", "IndexerTestApp\IndexerTestApp.csproj", "{F4718F7C-84B9-4FAF-A737-2F5E9FC5A022}"
EndProject
Project("{9A19103F-16F7-4668-BE54-9A1E7A4F7556}") = "GenericTestApp", "GenericTestApp\GenericTestApp.csproj", "{9E4E5EB8-6751-446C-8E2A-22BE9AA5DECE}"
EndProject
Project("{9A19103F-16F7-4668-BE54-9A1E7A4F7556}") = "GenericTestApp2", "GenericTestApp2\GenericTestApp2.csproj", "{6EE58FB6-C9D3-4BFE-A215-738B9A1947C7}"
EndProject
Project("{9A19103F-16F7-4668-BE54-9A1E7A4F7556}") = "GenericMyListApp", "GenericMyListApp\GenericMyListApp.csproj", "{53FE9D51-6ACB-4295-8BA3-DC56C74D6647}"
EndProject
Project("{9A19103F-16F7-4668-BE54-9A1E7A4F7556}") = "GenericCollectionApp", "GenericCollectionApp\GenericCollectionApp.csproj", "{553092C2-1F41-46EE-919D-5F21403239BD}"
EndProject
Project("{9A19103F-16F7-4668-BE54-9A1E7A4F7556}") = "ExceptionTestApp", "ExceptionTestApp\ExceptionTestApp.csproj", "{78C5403D-DB4C-4439-8D87-9323C9324470}"
EndProject
Project("{9A19103F-16F7-4668-BE54-9A1E7A4F7556}") = "[13-1]DelegateTestApp", "DelegateTestApp\[13-1]DelegateTestApp.csproj", "{307E9AC5-B2B2-4894-991C-ADBD749A79FA}"
EndProject
Project("{9A19103F-16F7-4668-BE54-9A1E7A4F7556}") = "[13-2]DelegateChainApp", "DelegateChainApp\[13-2]DelegateChainApp.csproj", "{DF71C437-BAE6-4342-A3A5-7104E2B3E493}"
EndProject
Project("{9A19103F-16F7-4668-BE54-9A1E7A4F7556}") = "[13-3]EventHandlerTestApp", "EventHandlerTestApp\[13-3]EventHandlerTestApp.csproj", "{27E6620F-552C-404A-8FC8-85F4B67ED074}"
EndProject
Project("{9A19103F-16F7-4668-BE54-9A1E7A4F7556}") = "[13-4]EventHandlerCheckApp", "EventHandlerCheckApp\[13-4]EventHandlerCheckApp.csproj", "{545214E3-4ACE-438D-A921-4905C489BFEE}"
EndProject
Project("{9A19103F-16F7-4668-BE54-9A1E7A4F7556}") = "LambdaTest", "LambdaTest\LambdaTest.csproj", "{15AE33DD-2D8C-4E6B-A5BA-F826D207D353}"
EndProject
Project("{9A19103F-16F7-4668-BE54-9A1E7A4F7556}") = "LinqTestApp", "LinqTestApp\LinqTestApp.csproj", "{187F0215-2182-4D62-8DCA-67FD297D1726}"
EndProject
Project("{9A19103F-16F7-4668-BE54-9A1E7A4F7556}") = "ReflectionTestApp", "ReflectionTestApp\ReflectionTestApp.csproj", "{3AF268F8-93A2-4EB4-A4DD-8DEC991C75DC}"
EndProject
Project("{9A19103F-16F7-4668-BE54-9A1E7A4F7556}") = "DynCreationTestApp", "DynCreationTestApp\DynCreationTestApp.csproj", "{A1826246-96D0-4E52-971F-89519400D5B4}"
EndProject
Project("{9A19103F-16F7-4668-BE54-9A1E7A4F7556}") = "AttributeTestApp", "AttributeTestApp\AttributeTestApp.csproj", "{7DB783B4-F92C-456E-A2B3-6C3A025D5099}"
EndProject
Project("{9A19103F-16F7-4668-BE54-9A1E7A4F7556}") = "CalcUnitTest", "TestProject1\CalcUnitTest.csproj", "{4BF795FB-FF8C-45EB-8B71-610BED4BCE9B}"
EndProject
Project("{9A19103F-16F7-4668-BE54-9A1E7A4F7556}") = "FileDirectoryTestApp", "FileDirectoryTestApp\FileDirectoryTestApp.csproj", "{848A816D-BCDE-437C-8960-DD1B0554983A}"
EndProject
Project("{9A19103F-16F7-4668-BE54-9A1E7A4F7556}") = "FileReadingTestApp", "FileReadingTestApp\FileReadingTestApp.csproj", "{99B1D78B-E029-4933-AE2F-474D389CC00E}"
EndProject
Project("{9A19103F-16F7-4668-BE54-9A1E7A4F7556}") = "NLoggerTestApp", "NLoggerTestApp\NLoggerTestApp.csproj", "{F0ACBB1A-83DE-4AD3-83A1-491688299885}"
EndProject
Project("{9A19103F-16F7-4668-BE54-9A1E7A4F7556}") = "[19-1]BasicThreadTestApp", "BasicThreadTestApp\[19-1]BasicThreadTestApp.csproj", "{D29709A8-521E-4E31-802C-FA979802A5A1}"
EndProject
Project("{9A19103F-16F7-4668-BE54-9A1E7A4F7556}") = "[19-3]WinFormThreadApp", "WinFormThreadApp\[19-3]WinFormThreadApp.csproj", "{9E92D4FD-1CB2-4AF0-B5D4-CAFDEFEEBD42}"
EndProject
Project("{9A19103F-16F7-4668-BE54-9A1E7A4F7556}") = "[19-2]ThreadLockTestApp", "ThreadLockTestApp\[19-2]ThreadLockTestApp.csproj", "{EA87517C-4B8A-41AC-ACA4-30CC2C358C25}"
EndProject
Project("{9A19103F-16F7-4668-BE54-9A1E7A4F7556}") = "[19-4]TaskTestApp", "TaskTestApp\[19-4]TaskTestApp.csproj", "{ABBAFB77-9B6D-4C83-B988-A78BB3D4D616}"
EndProject
Project("{9A19103F-16F7-4668-BE54-9A1E7A4F7556}") = "[19-5]ParallelTestApp", "[19]ParallelTestApp\[19-5]ParallelTestApp.csproj", "{8051D59E-E6C7-4FA9-95CA-C14D81D68128}"
EndProject
Project("{9A19103F-16F7-4668-BE54-9A1E7A4F7556}") = "[19-6]AsyncTestApp", "[19-6]AsyncTestApp\[19-6]AsyncTestApp.csproj", "{21C695B0-4D39-4AA8-BDED-41671AC43F1A}"
EndProject
Project("{9A19103F-16F7-4668-BE54-9A1E7A4F7556}") = "TextEditerApp", "TextEditerApp\TextEditerApp.csproj", "{CE43D45B-5DFD-4D62-9887-E95F5392F7F5}"
EndProject
Global
	GlobalSection(SolutionConfigurationPlatforms) = preSolution
		Debug|Any CPU = Debug|Any CPU
		Release|Any CPU = Release|Any CPU
	EndGlobalSection
	GlobalSection(ProjectConfigurationPlatforms) = postSolution
		{C8118042-3586-4F3F-8D89-E7A6B4CD7FAD}.Debug|Any CPU.ActiveCfg = Debug|Any CPU
		{C8118042-3586-4F3F-8D89-E7A6B4CD7FAD}.Debug|Any CPU.Build.0 = Debug|Any CPU
		{C8118042-3586-4F3F-8D89-E7A6B4CD7FAD}.Release|Any CPU.ActiveCfg = Release|Any CPU
		{C8118042-3586-4F3F-8D89-E7A6B4CD7FAD}.Release|Any CPU.Build.0 = Release|Any CPU
		{A9616D8F-FA2D-45D0-9CE9-0CED5E28C12A}.Debug|Any CPU.ActiveCfg = Debug|Any CPU
		{A9616D8F-FA2D-45D0-9CE9-0CED5E28C12A}.Debug|Any CPU.Build.0 = Debug|Any CPU
		{A9616D8F-FA2D-45D0-9CE9-0CED5E28C12A}.Release|Any CPU.ActiveCfg = Release|Any CPU
		{A9616D8F-FA2D-45D0-9CE9-0CED5E28C12A}.Release|Any CPU.Build.0 = Release|Any CPU
		{AEC97954-C25A-441F-8600-911FDC075C36}.Debug|Any CPU.ActiveCfg = Debug|Any CPU
		{AEC97954-C25A-441F-8600-911FDC075C36}.Debug|Any CPU.Build.0 = Debug|Any CPU
		{AEC97954-C25A-441F-8600-911FDC075C36}.Release|Any CPU.ActiveCfg = Release|Any CPU
		{AEC97954-C25A-441F-8600-911FDC075C36}.Release|Any CPU.Build.0 = Release|Any CPU
		{2EF2DB29-69BA-493C-BBE2-6D95306537B1}.Debug|Any CPU.ActiveCfg = Debug|Any CPU
		{2EF2DB29-69BA-493C-BBE2-6D95306537B1}.Debug|Any CPU.Build.0 = Debug|Any CPU
		{2EF2DB29-69BA-493C-BBE2-6D95306537B1}.Release|Any CPU.ActiveCfg = Release|Any CPU
		{2EF2DB29-69BA-493C-BBE2-6D95306537B1}.Release|Any CPU.Build.0 = Release|Any CPU
		{56276643-3459-4EE5-9B38-DEE6DE18FFB1}.Debug|Any CPU.ActiveCfg = Debug|Any CPU
		{56276643-3459-4EE5-9B38-DEE6DE18FFB1}.Debug|Any CPU.Build.0 = Debug|Any CPU
		{56276643-3459-4EE5-9B38-DEE6DE18FFB1}.Release|Any CPU.ActiveCfg = Release|Any CPU
		{56276643-3459-4EE5-9B38-DEE6DE18FFB1}.Release|Any CPU.Build.0 = Release|Any CPU
		{73D37022-4F81-47B8-A3AB-5EAE1F113702}.Debug|Any CPU.ActiveCfg = Debug|Any CPU
		{73D37022-4F81-47B8-A3AB-5EAE1F113702}.Debug|Any CPU.Build.0 = Debug|Any CPU
		{73D37022-4F81-47B8-A3AB-5EAE1F113702}.Release|Any CPU.ActiveCfg = Release|Any CPU
		{73D37022-4F81-47B8-A3AB-5EAE1F113702}.Release|Any CPU.Build.0 = Release|Any CPU
		{4FC14E91-B0BB-4571-8F12-EBC536F463CE}.Debug|Any CPU.ActiveCfg = Debug|Any CPU
		{4FC14E91-B0BB-4571-8F12-EBC536F463CE}.Debug|Any CPU.Build.0 = Debug|Any CPU
		{4FC14E91-B0BB-4571-8F12-EBC536F463CE}.Release|Any CPU.ActiveCfg = Release|Any CPU
		{4FC14E91-B0BB-4571-8F12-EBC536F463CE}.Release|Any CPU.Build.0 = Release|Any CPU
		{08210F2D-D68E-4B5A-BA08-ACD11406A10F}.Debug|Any CPU.ActiveCfg = Debug|Any CPU
		{08210F2D-D68E-4B5A-BA08-ACD11406A10F}.Debug|Any CPU.Build.0 = Debug|Any CPU
		{08210F2D-D68E-4B5A-BA08-ACD11406A10F}.Release|Any CPU.ActiveCfg = Release|Any CPU
		{08210F2D-D68E-4B5A-BA08-ACD11406A10F}.Release|Any CPU.Build.0 = Release|Any CPU
		{C533C5B4-9C7B-4C55-A8B8-C8FE29408F31}.Debug|Any CPU.ActiveCfg = Debug|Any CPU
		{C533C5B4-9C7B-4C55-A8B8-C8FE29408F31}.Debug|Any CPU.Build.0 = Debug|Any CPU
		{C533C5B4-9C7B-4C55-A8B8-C8FE29408F31}.Release|Any CPU.ActiveCfg = Release|Any CPU
		{C533C5B4-9C7B-4C55-A8B8-C8FE29408F31}.Release|Any CPU.Build.0 = Release|Any CPU
		{DCE6B5CB-1A4E-4A07-A3D1-E1CB4A26C95C}.Debug|Any CPU.ActiveCfg = Debug|Any CPU
		{DCE6B5CB-1A4E-4A07-A3D1-E1CB4A26C95C}.Debug|Any CPU.Build.0 = Debug|Any CPU
		{DCE6B5CB-1A4E-4A07-A3D1-E1CB4A26C95C}.Release|Any CPU.ActiveCfg = Release|Any CPU
		{DCE6B5CB-1A4E-4A07-A3D1-E1CB4A26C95C}.Release|Any CPU.Build.0 = Release|Any CPU
		{F4718F7C-84B9-4FAF-A737-2F5E9FC5A022}.Debug|Any CPU.ActiveCfg = Debug|Any CPU
		{F4718F7C-84B9-4FAF-A737-2F5E9FC5A022}.Debug|Any CPU.Build.0 = Debug|Any CPU
		{F4718F7C-84B9-4FAF-A737-2F5E9FC5A022}.Release|Any CPU.ActiveCfg = Release|Any CPU
		{F4718F7C-84B9-4FAF-A737-2F5E9FC5A022}.Release|Any CPU.Build.0 = Release|Any CPU
		{9E4E5EB8-6751-446C-8E2A-22BE9AA5DECE}.Debug|Any CPU.ActiveCfg = Debug|Any CPU
		{9E4E5EB8-6751-446C-8E2A-22BE9AA5DECE}.Debug|Any CPU.Build.0 = Debug|Any CPU
		{9E4E5EB8-6751-446C-8E2A-22BE9AA5DECE}.Release|Any CPU.ActiveCfg = Release|Any CPU
		{9E4E5EB8-6751-446C-8E2A-22BE9AA5DECE}.Release|Any CPU.Build.0 = Release|Any CPU
		{6EE58FB6-C9D3-4BFE-A215-738B9A1947C7}.Debug|Any CPU.ActiveCfg = Debug|Any CPU
		{6EE58FB6-C9D3-4BFE-A215-738B9A1947C7}.Debug|Any CPU.Build.0 = Debug|Any CPU
		{6EE58FB6-C9D3-4BFE-A215-738B9A1947C7}.Release|Any CPU.ActiveCfg = Release|Any CPU
		{6EE58FB6-C9D3-4BFE-A215-738B9A1947C7}.Release|Any CPU.Build.0 = Release|Any CPU
		{53FE9D51-6ACB-4295-8BA3-DC56C74D6647}.Debug|Any CPU.ActiveCfg = Debug|Any CPU
		{53FE9D51-6ACB-4295-8BA3-DC56C74D6647}.Debug|Any CPU.Build.0 = Debug|Any CPU
		{53FE9D51-6ACB-4295-8BA3-DC56C74D6647}.Release|Any CPU.ActiveCfg = Release|Any CPU
		{53FE9D51-6ACB-4295-8BA3-DC56C74D6647}.Release|Any CPU.Build.0 = Release|Any CPU
		{553092C2-1F41-46EE-919D-5F21403239BD}.Debug|Any CPU.ActiveCfg = Debug|Any CPU
		{553092C2-1F41-46EE-919D-5F21403239BD}.Debug|Any CPU.Build.0 = Debug|Any CPU
		{553092C2-1F41-46EE-919D-5F21403239BD}.Release|Any CPU.ActiveCfg = Release|Any CPU
		{553092C2-1F41-46EE-919D-5F21403239BD}.Release|Any CPU.Build.0 = Release|Any CPU
		{78C5403D-DB4C-4439-8D87-9323C9324470}.Debug|Any CPU.ActiveCfg = Debug|Any CPU
		{78C5403D-DB4C-4439-8D87-9323C9324470}.Debug|Any CPU.Build.0 = Debug|Any CPU
		{78C5403D-DB4C-4439-8D87-9323C9324470}.Release|Any CPU.ActiveCfg = Release|Any CPU
		{78C5403D-DB4C-4439-8D87-9323C9324470}.Release|Any CPU.Build.0 = Release|Any CPU
		{307E9AC5-B2B2-4894-991C-ADBD749A79FA}.Debug|Any CPU.ActiveCfg = Debug|Any CPU
		{307E9AC5-B2B2-4894-991C-ADBD749A79FA}.Debug|Any CPU.Build.0 = Debug|Any CPU
		{307E9AC5-B2B2-4894-991C-ADBD749A79FA}.Release|Any CPU.ActiveCfg = Release|Any CPU
		{307E9AC5-B2B2-4894-991C-ADBD749A79FA}.Release|Any CPU.Build.0 = Release|Any CPU
		{DF71C437-BAE6-4342-A3A5-7104E2B3E493}.Debug|Any CPU.ActiveCfg = Debug|Any CPU
		{DF71C437-BAE6-4342-A3A5-7104E2B3E493}.Debug|Any CPU.Build.0 = Debug|Any CPU
		{DF71C437-BAE6-4342-A3A5-7104E2B3E493}.Release|Any CPU.ActiveCfg = Release|Any CPU
		{DF71C437-BAE6-4342-A3A5-7104E2B3E493}.Release|Any CPU.Build.0 = Release|Any CPU
		{27E6620F-552C-404A-8FC8-85F4B67ED074}.Debug|Any CPU.ActiveCfg = Debug|Any CPU
		{27E6620F-552C-404A-8FC8-85F4B67ED074}.Debug|Any CPU.Build.0 = Debug|Any CPU
		{27E6620F-552C-404A-8FC8-85F4B67ED074}.Release|Any CPU.ActiveCfg = Release|Any CPU
		{27E6620F-552C-404A-8FC8-85F4B67ED074}.Release|Any CPU.Build.0 = Release|Any CPU
		{545214E3-4ACE-438D-A921-4905C489BFEE}.Debug|Any CPU.ActiveCfg = Debug|Any CPU
		{545214E3-4ACE-438D-A921-4905C489BFEE}.Debug|Any CPU.Build.0 = Debug|Any CPU
		{545214E3-4ACE-438D-A921-4905C489BFEE}.Release|Any CPU.ActiveCfg = Release|Any CPU
		{545214E3-4ACE-438D-A921-4905C489BFEE}.Release|Any CPU.Build.0 = Release|Any CPU
		{15AE33DD-2D8C-4E6B-A5BA-F826D207D353}.Debug|Any CPU.ActiveCfg = Debug|Any CPU
		{15AE33DD-2D8C-4E6B-A5BA-F826D207D353}.Debug|Any CPU.Build.0 = Debug|Any CPU
		{15AE33DD-2D8C-4E6B-A5BA-F826D207D353}.Release|Any CPU.ActiveCfg = Release|Any CPU
		{15AE33DD-2D8C-4E6B-A5BA-F826D207D353}.Release|Any CPU.Build.0 = Release|Any CPU
		{187F0215-2182-4D62-8DCA-67FD297D1726}.Debug|Any CPU.ActiveCfg = Debug|Any CPU
		{187F0215-2182-4D62-8DCA-67FD297D1726}.Debug|Any CPU.Build.0 = Debug|Any CPU
		{187F0215-2182-4D62-8DCA-67FD297D1726}.Release|Any CPU.ActiveCfg = Release|Any CPU
		{187F0215-2182-4D62-8DCA-67FD297D1726}.Release|Any CPU.Build.0 = Release|Any CPU
		{3AF268F8-93A2-4EB4-A4DD-8DEC991C75DC}.Debug|Any CPU.ActiveCfg = Debug|Any CPU
		{3AF268F8-93A2-4EB4-A4DD-8DEC991C75DC}.Debug|Any CPU.Build.0 = Debug|Any CPU
		{3AF268F8-93A2-4EB4-A4DD-8DEC991C75DC}.Release|Any CPU.ActiveCfg = Release|Any CPU
		{3AF268F8-93A2-4EB4-A4DD-8DEC991C75DC}.Release|Any CPU.Build.0 = Release|Any CPU
		{A1826246-96D0-4E52-971F-89519400D5B4}.Debug|Any CPU.ActiveCfg = Debug|Any CPU
		{A1826246-96D0-4E52-971F-89519400D5B4}.Debug|Any CPU.Build.0 = Debug|Any CPU
		{A1826246-96D0-4E52-971F-89519400D5B4}.Release|Any CPU.ActiveCfg = Release|Any CPU
		{A1826246-96D0-4E52-971F-89519400D5B4}.Release|Any CPU.Build.0 = Release|Any CPU
		{7DB783B4-F92C-456E-A2B3-6C3A025D5099}.Debug|Any CPU.ActiveCfg = Debug|Any CPU
		{7DB783B4-F92C-456E-A2B3-6C3A025D5099}.Debug|Any CPU.Build.0 = Debug|Any CPU
		{7DB783B4-F92C-456E-A2B3-6C3A025D5099}.Release|Any CPU.ActiveCfg = Release|Any CPU
		{7DB783B4-F92C-456E-A2B3-6C3A025D5099}.Release|Any CPU.Build.0 = Release|Any CPU
		{4BF795FB-FF8C-45EB-8B71-610BED4BCE9B}.Debug|Any CPU.ActiveCfg = Debug|Any CPU
		{4BF795FB-FF8C-45EB-8B71-610BED4BCE9B}.Debug|Any CPU.Build.0 = Debug|Any CPU
		{4BF795FB-FF8C-45EB-8B71-610BED4BCE9B}.Release|Any CPU.ActiveCfg = Release|Any CPU
		{4BF795FB-FF8C-45EB-8B71-610BED4BCE9B}.Release|Any CPU.Build.0 = Release|Any CPU
		{848A816D-BCDE-437C-8960-DD1B0554983A}.Debug|Any CPU.ActiveCfg = Debug|Any CPU
		{848A816D-BCDE-437C-8960-DD1B0554983A}.Debug|Any CPU.Build.0 = Debug|Any CPU
		{848A816D-BCDE-437C-8960-DD1B0554983A}.Release|Any CPU.ActiveCfg = Release|Any CPU
		{848A816D-BCDE-437C-8960-DD1B0554983A}.Release|Any CPU.Build.0 = Release|Any CPU
		{99B1D78B-E029-4933-AE2F-474D389CC00E}.Debug|Any CPU.ActiveCfg = Debug|Any CPU
		{99B1D78B-E029-4933-AE2F-474D389CC00E}.Debug|Any CPU.Build.0 = Debug|Any CPU
		{99B1D78B-E029-4933-AE2F-474D389CC00E}.Release|Any CPU.ActiveCfg = Release|Any CPU
		{99B1D78B-E029-4933-AE2F-474D389CC00E}.Release|Any CPU.Build.0 = Release|Any CPU
		{F0ACBB1A-83DE-4AD3-83A1-491688299885}.Debug|Any CPU.ActiveCfg = Debug|Any CPU
		{F0ACBB1A-83DE-4AD3-83A1-491688299885}.Debug|Any CPU.Build.0 = Debug|Any CPU
		{F0ACBB1A-83DE-4AD3-83A1-491688299885}.Release|Any CPU.ActiveCfg = Release|Any CPU
		{F0ACBB1A-83DE-4AD3-83A1-491688299885}.Release|Any CPU.Build.0 = Release|Any CPU
		{D29709A8-521E-4E31-802C-FA979802A5A1}.Debug|Any CPU.ActiveCfg = Debug|Any CPU
		{D29709A8-521E-4E31-802C-FA979802A5A1}.Debug|Any CPU.Build.0 = Debug|Any CPU
		{D29709A8-521E-4E31-802C-FA979802A5A1}.Release|Any CPU.ActiveCfg = Release|Any CPU
		{D29709A8-521E-4E31-802C-FA979802A5A1}.Release|Any CPU.Build.0 = Release|Any CPU
		{9E92D4FD-1CB2-4AF0-B5D4-CAFDEFEEBD42}.Debug|Any CPU.ActiveCfg = Debug|Any CPU
		{9E92D4FD-1CB2-4AF0-B5D4-CAFDEFEEBD42}.Debug|Any CPU.Build.0 = Debug|Any CPU
		{9E92D4FD-1CB2-4AF0-B5D4-CAFDEFEEBD42}.Release|Any CPU.ActiveCfg = Release|Any CPU
		{9E92D4FD-1CB2-4AF0-B5D4-CAFDEFEEBD42}.Release|Any CPU.Build.0 = Release|Any CPU
		{EA87517C-4B8A-41AC-ACA4-30CC2C358C25}.Debug|Any CPU.ActiveCfg = Debug|Any CPU
		{EA87517C-4B8A-41AC-ACA4-30CC2C358C25}.Debug|Any CPU.Build.0 = Debug|Any CPU
		{EA87517C-4B8A-41AC-ACA4-30CC2C358C25}.Release|Any CPU.ActiveCfg = Release|Any CPU
		{EA87517C-4B8A-41AC-ACA4-30CC2C358C25}.Release|Any CPU.Build.0 = Release|Any CPU
		{ABBAFB77-9B6D-4C83-B988-A78BB3D4D616}.Debug|Any CPU.ActiveCfg = Debug|Any CPU
		{ABBAFB77-9B6D-4C83-B988-A78BB3D4D616}.Debug|Any CPU.Build.0 = Debug|Any CPU
		{ABBAFB77-9B6D-4C83-B988-A78BB3D4D616}.Release|Any CPU.ActiveCfg = Release|Any CPU
		{ABBAFB77-9B6D-4C83-B988-A78BB3D4D616}.Release|Any CPU.Build.0 = Release|Any CPU
		{8051D59E-E6C7-4FA9-95CA-C14D81D68128}.Debug|Any CPU.ActiveCfg = Debug|Any CPU
		{8051D59E-E6C7-4FA9-95CA-C14D81D68128}.Debug|Any CPU.Build.0 = Debug|Any CPU
		{8051D59E-E6C7-4FA9-95CA-C14D81D68128}.Release|Any CPU.ActiveCfg = Release|Any CPU
		{8051D59E-E6C7-4FA9-95CA-C14D81D68128}.Release|Any CPU.Build.0 = Release|Any CPU
		{21C695B0-4D39-4AA8-BDED-41671AC43F1A}.Debug|Any CPU.ActiveCfg = Debug|Any CPU
		{21C695B0-4D39-4AA8-BDED-41671AC43F1A}.Debug|Any CPU.Build.0 = Debug|Any CPU
		{21C695B0-4D39-4AA8-BDED-41671AC43F1A}.Release|Any CPU.ActiveCfg = Release|Any CPU
		{21C695B0-4D39-4AA8-BDED-41671AC43F1A}.Release|Any CPU.Build.0 = Release|Any CPU
		{CE43D45B-5DFD-4D62-9887-E95F5392F7F5}.Debug|Any CPU.ActiveCfg = Debug|Any CPU
		{CE43D45B-5DFD-4D62-9887-E95F5392F7F5}.Debug|Any CPU.Build.0 = Debug|Any CPU
		{CE43D45B-5DFD-4D62-9887-E95F5392F7F5}.Release|Any CPU.ActiveCfg = Release|Any CPU
		{CE43D45B-5DFD-4D62-9887-E95F5392F7F5}.Release|Any CPU.Build.0 = Release|Any CPU
	EndGlobalSection
	GlobalSection(SolutionProperties) = preSolution
		HideSolutionNode = FALSE
	EndGlobalSection
	GlobalSection(ExtensibilityGlobals) = postSolution
		SolutionGuid = {A7CC19DD-43B5-4AC1-93AB-96F1922B57DF}
	EndGlobalSection
EndGlobal
